
Microsoft Visual Studio Solution File, Format Version 12.00
# Visual Studio 15
VisualStudioVersion = 15.0.28307.1062
MinimumVisualStudioVersion = 10.0.40219.1
Project("{FAE04EC0-301F-11D3-BF4B-00C04F79EFBC}") = "QuirkyBookRental", "QuirkyBookRental\QuirkyBookRental.csproj", "{2D213819-1C7E-49AC-8480-67F1CA7B3AAB}"
EndProject
Global
	GlobalSection(SolutionConfigurationPlatforms) = preSolution
		Debug|Any CPU = Debug|Any CPU
		Release|Any CPU = Release|Any CPU
	EndGlobalSection
	GlobalSection(ProjectConfigurationPlatforms) = postSolution
		{2D213819-1C7E-49AC-8480-67F1CA7B3AAB}.Debug|Any CPU.ActiveCfg = Debug|Any CPU
		{2D213819-1C7E-49AC-8480-67F1CA7B3AAB}.Debug|Any CPU.Build.0 = Debug|Any CPU
		{2D213819-1C7E-49AC-8480-67F1CA7B3AAB}.Release|Any CPU.ActiveCfg = Release|Any CPU
		{2D213819-1C7E-49AC-8480-67F1CA7B3AAB}.Release|Any CPU.Build.0 = Release|Any CPU
	EndGlobalSection
	GlobalSection(SolutionProperties) = preSolution
		HideSolutionNode = FALSE
	EndGlobalSection
	GlobalSection(ExtensibilityGlobals) = postSolution
		SolutionGuid = {578A63DC-6F18-4F3E-9546-49E30772D140}
	EndGlobalSection
EndGlobal
